{
  "object": {
    "pins": [
      {
        "package": "cl-openssl",
        "repositoryURL": "https://github.com/cossacklabs/openssl-apple",
        "state": {
          "branch": null,
          "revision": "afd16d4253147bfce6fc20347c53952e0d27a1ba",
          "version": "1.1.11101"
        }
      }
    ]
  },
  "version": 1
}
